
Microsoft Visual Studio Solution File, Format Version 12.00
# Visual Studio Version 16
VisualStudioVersion = 16.0.32413.511
MinimumVisualStudioVersion = 10.0.40219.1
Project("{9A19103F-16F7-4668-BE54-9A1E7A4F7556}") = "SignalrAPI", "SignalrAPI.csproj", "{56BD43EE-6EAC-400E-83AE-BD845B55D84E}"
EndProject
Global
	GlobalSection(SolutionConfigurationPlatforms) = preSolution
		Debug|Any CPU = Debug|Any CPU
		Release|Any CPU = Release|Any CPU
	EndGlobalSection
	GlobalSection(ProjectConfigurationPlatforms) = postSolution
		{56BD43EE-6EAC-400E-83AE-BD845B55D84E}.Debug|Any CPU.ActiveCfg = Debug|Any CPU
		{56BD43EE-6EAC-400E-83AE-BD845B55D84E}.Debug|Any CPU.Build.0 = Debug|Any CPU
		{56BD43EE-6EAC-400E-83AE-BD845B55D84E}.Release|Any CPU.ActiveCfg = Release|Any CPU
		{56BD43EE-6EAC-400E-83AE-BD845B55D84E}.Release|Any CPU.Build.0 = Release|Any CPU
	EndGlobalSection
	GlobalSection(SolutionProperties) = preSolution
		HideSolutionNode = FALSE
	EndGlobalSection
	GlobalSection(ExtensibilityGlobals) = postSolution
		SolutionGuid = {EC006A48-1885-4934-94CA-11AAEFB0BF15}
	EndGlobalSection
EndGlobal
